
Microsoft Visual Studio Solution File, Format Version 12.00
# Visual Studio Version 16
VisualStudioVersion = 16.0.32002.261
MinimumVisualStudioVersion = 10.0.40219.1
Project("{FAE04EC0-301F-11D3-BF4B-00C04F79EFBC}") = "nufus_kayit", "nufus_kayit\nufus_kayit.csproj", "{1FBFB74C-30FB-4A30-9870-637CE767F619}"
EndProject
Global
	GlobalSection(SolutionConfigurationPlatforms) = preSolution
		Debug|Any CPU = Debug|Any CPU
		Release|Any CPU = Release|Any CPU
	EndGlobalSection
	GlobalSection(ProjectConfigurationPlatforms) = postSolution
		{1FBFB74C-30FB-4A30-9870-637CE767F619}.Debug|Any CPU.ActiveCfg = Debug|Any CPU
		{1FBFB74C-30FB-4A30-9870-637CE767F619}.Debug|Any CPU.Build.0 = Debug|Any CPU
		{1FBFB74C-30FB-4A30-9870-637CE767F619}.Release|Any CPU.ActiveCfg = Release|Any CPU
		{1FBFB74C-30FB-4A30-9870-637CE767F619}.Release|Any CPU.Build.0 = Release|Any CPU
	EndGlobalSection
	GlobalSection(SolutionProperties) = preSolution
		HideSolutionNode = FALSE
	EndGlobalSection
	GlobalSection(ExtensibilityGlobals) = postSolution
		SolutionGuid = {6B39C2A0-1F1C-4544-8429-19D61DCBB9B6}
	EndGlobalSection
EndGlobal
